{
  "version": 4,
  "terraform_version": "1.9.6",
  "serial": 70,
  "lineage": "6492794c-a348-748d-a098-e94344282d7f",
  "outputs": {},
  "resources": [
    {
      "module": "module.instances",
      "mode": "data",
      "type": "archive_file",
      "name": "lambda_zip",
      "provider": "provider[\"registry.terraform.io/hashicorp/archive\"]",
      "instances": [
        {
          "schema_version": 0,
          "attributes": {
            "exclude_symlink_directories": null,
            "excludes": null,
            "id": "7ee6e69dc93f900fa816f4e0b687d07c43535628",
            "output_base64sha256": "m8Dl+zKAt11Id5MGDBHudPbSAYOvOIE6AbPfL7wBpaQ=",
            "output_base64sha512": "dahjXbmQK2NcEv0Du5Qa3CdlHYD8802WeKk6DtpBD1q5SaOhwtDRhHmCFl1tLlQPfpFw+rWx3xXrXogaPEqh+g==",
            "output_file_mode": null,
            "output_md5": "35eb875b033a8a4b2f5a0b5c4b090f9a",
            "output_path": "ec2/lambda.zip",
            "output_sha": "7ee6e69dc93f900fa816f4e0b687d07c43535628",
            "output_sha256": "9bc0e5fb3280b75d487793060c11ee74f6d20183af38813a01b3df2fbc01a5a4",
            "output_sha512": "75a8635db9902b635c12fd03bb941adc27651d80fcf34d9678a93a0eda410f5ab949a3a1c2d0d1847982165d6d2e540f7e9170fab5b1df15eb5e881a3c4aa1fa",
            "output_size": 14503289,
            "source": [],
            "source_content": null,
            "source_content_filename": null,
            "source_dir": "ec2/lambda_function",
            "source_file": null,
            "type": "zip"
          },
          "sensitive_attributes": []
        }
      ]
    },
    {
      "module": "module.instances",
      "mode": "managed",
      "type": "aws_cloudwatch_event_rule",
      "name": "start_rule",
      "provider": "provider[\"registry.terraform.io/hashicorp/aws\"]",
      "instances": [
        {
          "schema_version": 1,
          "attributes": {
            "arn": "arn:aws:events:us-east-1:211125457713:rule/start-ec2-instances",
            "description": "",
            "event_bus_name": "default",
            "event_pattern": null,
            "force_destroy": false,
            "id": "start-ec2-instances",
            "is_enabled": true,
            "name": "start-ec2-instances",
            "name_prefix": "",
            "role_arn": "",
            "schedule_expression": "cron(0 12 * * ? 1-5)",
            "state": "ENABLED",
            "tags": {},
            "tags_all": {}
          },
          "sensitive_attributes": [],
          "private": "eyJzY2hlbWFfdmVyc2lvbiI6IjEifQ=="
        }
      ]
    },
    {
      "module": "module.instances",
      "mode": "managed",
      "type": "aws_cloudwatch_event_rule",
      "name": "stop_rule",
      "provider": "provider[\"registry.terraform.io/hashicorp/aws\"]",
      "instances": [
        {
          "schema_version": 1,
          "attributes": {
            "arn": "arn:aws:events:us-east-1:211125457713:rule/stop-ec2-instances",
            "description": "",
            "event_bus_name": "default",
            "event_pattern": null,
            "force_destroy": false,
            "id": "stop-ec2-instances",
            "is_enabled": true,
            "name": "stop-ec2-instances",
            "name_prefix": "",
            "role_arn": "",
            "schedule_expression": "cron(0 20 * * ? 1-5)",
            "state": "ENABLED",
            "tags": {},
            "tags_all": {}
          },
          "sensitive_attributes": [],
          "private": "eyJzY2hlbWFfdmVyc2lvbiI6IjEifQ=="
        }
      ]
    },
    {
      "module": "module.instances",
      "mode": "managed",
      "type": "aws_cloudwatch_event_target",
      "name": "start_target",
      "provider": "provider[\"registry.terraform.io/hashicorp/aws\"]",
      "instances": [
        {
          "schema_version": 1,
          "attributes": {
            "arn": "arn:aws:lambda:us-east-1:211125457713:function:ec2_scheduler",
            "batch_target": [],
            "dead_letter_config": [],
            "ecs_target": [],
            "event_bus_name": "default",
            "force_destroy": false,
            "http_target": [],
            "id": "start-ec2-instances-start_ec2_instances",
            "input": "{\"action\":\"start\"}",
            "input_path": "",
            "input_transformer": [],
            "kinesis_target": [],
            "redshift_target": [],
            "retry_policy": [],
            "role_arn": "",
            "rule": "start-ec2-instances",
            "run_command_targets": [],
            "sagemaker_pipeline_target": [],
            "sqs_target": [],
            "target_id": "start_ec2_instances"
          },
          "sensitive_attributes": [],
          "private": "eyJzY2hlbWFfdmVyc2lvbiI6IjEifQ==",
          "dependencies": [
            "module.instances.aws_cloudwatch_event_rule.start_rule",
            "module.instances.aws_iam_role.lambda_role",
            "module.instances.aws_instance.instance_linux",
            "module.instances.aws_lambda_function.ec2_scheduler",
            "module.instances.data.archive_file.lambda_zip"
          ]
        }
      ]
    },
    {
      "module": "module.instances",
      "mode": "managed",
      "type": "aws_cloudwatch_event_target",
      "name": "stop_target",
      "provider": "provider[\"registry.terraform.io/hashicorp/aws\"]",
      "instances": [
        {
          "schema_version": 1,
          "attributes": {
            "arn": "arn:aws:lambda:us-east-1:211125457713:function:ec2_scheduler",
            "batch_target": [],
            "dead_letter_config": [],
            "ecs_target": [],
            "event_bus_name": "default",
            "force_destroy": false,
            "http_target": [],
            "id": "stop-ec2-instances-stop_ec2_instances",
            "input": "{\"action\":\"stop\"}",
            "input_path": "",
            "input_transformer": [],
            "kinesis_target": [],
            "redshift_target": [],
            "retry_policy": [],
            "role_arn": "",
            "rule": "stop-ec2-instances",
            "run_command_targets": [],
            "sagemaker_pipeline_target": [],
            "sqs_target": [],
            "target_id": "stop_ec2_instances"
          },
          "sensitive_attributes": [],
          "private": "eyJzY2hlbWFfdmVyc2lvbiI6IjEifQ==",
          "dependencies": [
            "module.instances.aws_cloudwatch_event_rule.stop_rule",
            "module.instances.aws_iam_role.lambda_role",
            "module.instances.aws_instance.instance_linux",
            "module.instances.aws_lambda_function.ec2_scheduler",
            "module.instances.data.archive_file.lambda_zip"
          ]
        }
      ]
    },
    {
      "module": "module.instances",
      "mode": "managed",
      "type": "aws_iam_role",
      "name": "lambda_role",
      "provider": "provider[\"registry.terraform.io/hashicorp/aws\"]",
      "instances": [
        {
          "schema_version": 0,
          "attributes": {
            "arn": "arn:aws:iam::211125457713:role/ec2-scheduler-lambda-role",
            "assume_role_policy": "{\"Statement\":[{\"Action\":\"sts:AssumeRole\",\"Effect\":\"Allow\",\"Principal\":{\"Service\":\"lambda.amazonaws.com\"}}],\"Version\":\"2012-10-17\"}",
            "create_date": "2024-09-22T18:23:42Z",
            "description": "",
            "force_detach_policies": false,
            "id": "ec2-scheduler-lambda-role",
            "inline_policy": [
              {
                "name": "ec2-scheduler-lambda-policy",
                "policy": "{\"Version\":\"2012-10-17\",\"Statement\":[{\"Action\":[\"ec2:StartInstances\",\"ec2:StopInstances\",\"ec2:DescribeInstances\"],\"Effect\":\"Allow\",\"Resource\":\"*\"}]}"
              }
            ],
            "managed_policy_arns": [
              "arn:aws:iam::aws:policy/service-role/AWSLambdaBasicExecutionRole"
            ],
            "max_session_duration": 3600,
            "name": "ec2-scheduler-lambda-role",
            "name_prefix": "",
            "path": "/",
            "permissions_boundary": "",
            "tags": {},
            "tags_all": {},
            "unique_id": "AROATCKAO2MY6BUXKWKXM"
          },
          "sensitive_attributes": [],
          "private": "bnVsbA=="
        }
      ]
    },
    {
      "module": "module.instances",
      "mode": "managed",
      "type": "aws_iam_role_policy",
      "name": "lambda_ec2_policy_custom",
      "provider": "provider[\"registry.terraform.io/hashicorp/aws\"]",
      "instances": [
        {
          "schema_version": 0,
          "attributes": {
            "id": "ec2-scheduler-lambda-role:ec2-scheduler-lambda-policy",
            "name": "ec2-scheduler-lambda-policy",
            "name_prefix": "",
            "policy": "{\"Version\":\"2012-10-17\",\"Statement\":[{\"Action\":[\"ec2:StartInstances\",\"ec2:StopInstances\",\"ec2:DescribeInstances\"],\"Effect\":\"Allow\",\"Resource\":\"*\"}]}",
            "role": "ec2-scheduler-lambda-role"
          },
          "sensitive_attributes": [],
          "private": "bnVsbA==",
          "dependencies": [
            "module.instances.aws_iam_role.lambda_role"
          ]
        }
      ]
    },
    {
      "module": "module.instances",
      "mode": "managed",
      "type": "aws_iam_role_policy_attachment",
      "name": "lambda_ec2_policy",
      "provider": "provider[\"registry.terraform.io/hashicorp/aws\"]",
      "instances": [
        {
          "schema_version": 0,
          "attributes": {
            "id": "ec2-scheduler-lambda-role-20240922182342987200000002",
            "policy_arn": "arn:aws:iam::aws:policy/service-role/AWSLambdaBasicExecutionRole",
            "role": "ec2-scheduler-lambda-role"
          },
          "sensitive_attributes": [],
          "private": "bnVsbA==",
          "dependencies": [
            "module.instances.aws_iam_role.lambda_role"
          ]
        }
      ]
    },
    {
      "module": "module.instances",
      "mode": "managed",
      "type": "aws_instance",
      "name": "instance_linux",
      "provider": "provider[\"registry.terraform.io/hashicorp/aws\"]",
      "instances": [
        {
          "schema_version": 1,
          "attributes": {
            "ami": "ami-0e86e20dae9224db8",
            "arn": "arn:aws:ec2:us-east-1:211125457713:instance/i-061a31bf0f047335b",
            "associate_public_ip_address": true,
            "availability_zone": "us-east-1b",
            "capacity_reservation_specification": [
              {
                "capacity_reservation_preference": "open",
                "capacity_reservation_target": []
              }
            ],
            "cpu_core_count": 1,
            "cpu_options": [
              {
                "amd_sev_snp": "",
                "core_count": 1,
                "threads_per_core": 1
              }
            ],
            "cpu_threads_per_core": 1,
            "credit_specification": [
              {
                "cpu_credits": "standard"
              }
            ],
            "disable_api_stop": false,
            "disable_api_termination": false,
            "ebs_block_device": [],
            "ebs_optimized": false,
            "enclave_options": [
              {
                "enabled": false
              }
            ],
            "ephemeral_block_device": [],
            "get_password_data": false,
            "hibernation": false,
            "host_id": "",
            "host_resource_group_arn": null,
            "iam_instance_profile": "",
            "id": "i-061a31bf0f047335b",
            "instance_initiated_shutdown_behavior": "stop",
            "instance_lifecycle": "",
            "instance_market_options": [],
            "instance_state": "running",
            "instance_type": "t2.micro",
            "ipv6_address_count": 0,
            "ipv6_addresses": [],
            "key_name": "keypair",
            "launch_template": [],
            "maintenance_options": [
              {
                "auto_recovery": "default"
              }
            ],
            "metadata_options": [
              {
                "http_endpoint": "enabled",
                "http_protocol_ipv6": "disabled",
                "http_put_response_hop_limit": 2,
                "http_tokens": "required",
                "instance_metadata_tags": "disabled"
              }
            ],
            "monitoring": false,
            "network_interface": [],
            "outpost_arn": "",
            "password_data": "",
            "placement_group": "",
            "placement_partition_number": 0,
            "primary_network_interface_id": "eni-06fdfa97e319dfb87",
            "private_dns": "ip-172-31-37-108.ec2.internal",
            "private_dns_name_options": [
              {
                "enable_resource_name_dns_a_record": false,
                "enable_resource_name_dns_aaaa_record": false,
                "hostname_type": "ip-name"
              }
            ],
            "private_ip": "172.31.37.108",
            "public_dns": "ec2-54-242-4-100.compute-1.amazonaws.com",
            "public_ip": "54.242.4.100",
            "root_block_device": [
              {
                "delete_on_termination": true,
                "device_name": "/dev/sda1",
                "encrypted": false,
                "iops": 3000,
                "kms_key_id": "",
                "tags": {},
                "tags_all": {},
                "throughput": 125,
                "volume_id": "vol-0bfa25084922d5d79",
                "volume_size": 8,
                "volume_type": "gp3"
              }
            ],
            "secondary_private_ips": [],
            "security_groups": [
              "sec-group-test"
            ],
            "source_dest_check": true,
            "spot_instance_request_id": "",
            "subnet_id": "subnet-06dd932f130aaaf7b",
            "tags": {
              "Ambiente": "Produccion",
              "Name": "scheduler_server",
              "scheduler": "true"
            },
            "tags_all": {
              "Ambiente": "Produccion",
              "Name": "scheduler_server",
              "scheduler": "true"
            },
            "tenancy": "default",
            "timeouts": null,
            "user_data": null,
            "user_data_base64": null,
            "user_data_replace_on_change": false,
            "volume_tags": null,
            "vpc_security_group_ids": [
              "sg-097202983cb450c19"
            ]
          },
          "sensitive_attributes": [],
          "private": "eyJlMmJmYjczMC1lY2FhLTExZTYtOGY4OC0zNDM2M2JjN2M0YzAiOnsiY3JlYXRlIjo2MDAwMDAwMDAwMDAsImRlbGV0ZSI6MTIwMDAwMDAwMDAwMCwicmVhZCI6OTAwMDAwMDAwMDAwLCJ1cGRhdGUiOjYwMDAwMDAwMDAwMH0sInNjaGVtYV92ZXJzaW9uIjoiMSJ9"
        }
      ]
    },
    {
      "module": "module.instances",
      "mode": "managed",
      "type": "aws_lambda_function",
      "name": "ec2_scheduler",
      "provider": "provider[\"registry.terraform.io/hashicorp/aws\"]",
      "instances": [
        {
          "schema_version": 0,
          "attributes": {
            "architectures": [
              "x86_64"
            ],
            "arn": "arn:aws:lambda:us-east-1:211125457713:function:ec2_scheduler",
            "code_sha256": "m8Dl+zKAt11Id5MGDBHudPbSAYOvOIE6AbPfL7wBpaQ=",
            "code_signing_config_arn": "",
            "dead_letter_config": [],
            "description": "",
            "environment": [
              {
                "variables": {
                  "INSTANCE_IDS": "i-061a31bf0f047335b"
                }
              }
            ],
            "ephemeral_storage": [
              {
                "size": 512
              }
            ],
            "file_system_config": [],
            "filename": "ec2/lambda.zip",
            "function_name": "ec2_scheduler",
            "handler": "index.handler",
            "id": "ec2_scheduler",
            "image_config": [],
            "image_uri": "",
            "invoke_arn": "arn:aws:apigateway:us-east-1:lambda:path/2015-03-31/functions/arn:aws:lambda:us-east-1:211125457713:function:ec2_scheduler/invocations",
            "kms_key_arn": "",
            "last_modified": "2024-09-22T19:26:00.000+0000",
            "layers": [],
            "logging_config": [
              {
                "application_log_level": "",
                "log_format": "Text",
                "log_group": "/aws/lambda/ec2_scheduler",
                "system_log_level": ""
              }
            ],
            "memory_size": 128,
            "package_type": "Zip",
            "publish": false,
            "qualified_arn": "arn:aws:lambda:us-east-1:211125457713:function:ec2_scheduler:$LATEST",
            "qualified_invoke_arn": "arn:aws:apigateway:us-east-1:lambda:path/2015-03-31/functions/arn:aws:lambda:us-east-1:211125457713:function:ec2_scheduler:$LATEST/invocations",
            "replace_security_groups_on_destroy": null,
            "replacement_security_group_ids": null,
            "reserved_concurrent_executions": -1,
            "role": "arn:aws:iam::211125457713:role/ec2-scheduler-lambda-role",
            "runtime": "nodejs20.x",
            "s3_bucket": null,
            "s3_key": null,
            "s3_object_version": null,
            "signing_job_arn": "",
            "signing_profile_version_arn": "",
            "skip_destroy": false,
            "snap_start": [],
            "source_code_hash": "m8Dl+zKAt11Id5MGDBHudPbSAYOvOIE6AbPfL7wBpaQ=",
            "source_code_size": 14503289,
            "tags": {},
            "tags_all": {},
            "timeout": 3,
            "timeouts": null,
            "tracing_config": [
              {
                "mode": "PassThrough"
              }
            ],
            "version": "$LATEST",
            "vpc_config": []
          },
          "sensitive_attributes": [],
          "private": "eyJlMmJmYjczMC1lY2FhLTExZTYtOGY4OC0zNDM2M2JjN2M0YzAiOnsiY3JlYXRlIjo2MDAwMDAwMDAwMDAsImRlbGV0ZSI6NjAwMDAwMDAwMDAwLCJ1cGRhdGUiOjYwMDAwMDAwMDAwMH19",
          "dependencies": [
            "module.instances.aws_iam_role.lambda_role",
            "module.instances.aws_instance.instance_linux",
            "module.instances.data.archive_file.lambda_zip"
          ]
        }
      ]
    },
    {
      "module": "module.instances",
      "mode": "managed",
      "type": "aws_lambda_permission",
      "name": "allow_start_rule",
      "provider": "provider[\"registry.terraform.io/hashicorp/aws\"]",
      "instances": [
        {
          "schema_version": 0,
          "attributes": {
            "action": "lambda:InvokeFunction",
            "event_source_token": null,
            "function_name": "ec2_scheduler",
            "function_url_auth_type": null,
            "id": "AllowStartExecutionFromCloudWatch",
            "principal": "events.amazonaws.com",
            "principal_org_id": null,
            "qualifier": "",
            "source_account": null,
            "source_arn": "arn:aws:events:us-east-1:211125457713:rule/start-ec2-instances",
            "statement_id": "AllowStartExecutionFromCloudWatch",
            "statement_id_prefix": ""
          },
          "sensitive_attributes": [],
          "private": "bnVsbA==",
          "dependencies": [
            "module.instances.aws_cloudwatch_event_rule.start_rule",
            "module.instances.aws_iam_role.lambda_role",
            "module.instances.aws_instance.instance_linux",
            "module.instances.aws_lambda_function.ec2_scheduler",
            "module.instances.data.archive_file.lambda_zip"
          ]
        }
      ]
    },
    {
      "module": "module.instances",
      "mode": "managed",
      "type": "aws_lambda_permission",
      "name": "allow_stop_rule",
      "provider": "provider[\"registry.terraform.io/hashicorp/aws\"]",
      "instances": [
        {
          "schema_version": 0,
          "attributes": {
            "action": "lambda:InvokeFunction",
            "event_source_token": null,
            "function_name": "ec2_scheduler",
            "function_url_auth_type": null,
            "id": "AllowStopExecutionFromCloudWatch",
            "principal": "events.amazonaws.com",
            "principal_org_id": null,
            "qualifier": "",
            "source_account": null,
            "source_arn": "arn:aws:events:us-east-1:211125457713:rule/stop-ec2-instances",
            "statement_id": "AllowStopExecutionFromCloudWatch",
            "statement_id_prefix": ""
          },
          "sensitive_attributes": [],
          "private": "bnVsbA==",
          "dependencies": [
            "module.instances.aws_cloudwatch_event_rule.stop_rule",
            "module.instances.aws_iam_role.lambda_role",
            "module.instances.aws_instance.instance_linux",
            "module.instances.aws_lambda_function.ec2_scheduler",
            "module.instances.data.archive_file.lambda_zip"
          ]
        }
      ]
    },
    {
      "module": "module.instances",
      "mode": "managed",
      "type": "aws_security_group",
      "name": "security_group_terraform",
      "provider": "provider[\"registry.terraform.io/hashicorp/aws\"]",
      "instances": [
        {
          "schema_version": 1,
          "attributes": {
            "arn": "arn:aws:ec2:us-east-1:211125457713:security-group/sg-097202983cb450c19",
            "description": "Managed by Terraform",
            "egress": [
              {
                "cidr_blocks": [
                  "0.0.0.0/0"
                ],
                "description": "",
                "from_port": 0,
                "ipv6_cidr_blocks": [],
                "prefix_list_ids": [],
                "protocol": "-1",
                "security_groups": [],
                "self": false,
                "to_port": 0
              }
            ],
            "id": "sg-097202983cb450c19",
            "ingress": [
              {
                "cidr_blocks": [
                  "0.0.0.0/0"
                ],
                "description": "Allow HTTP",
                "from_port": 80,
                "ipv6_cidr_blocks": [],
                "prefix_list_ids": [],
                "protocol": "tcp",
                "security_groups": [],
                "self": false,
                "to_port": 80
              },
              {
                "cidr_blocks": [
                  "0.0.0.0/0"
                ],
                "description": "Allow HTTPS",
                "from_port": 443,
                "ipv6_cidr_blocks": [],
                "prefix_list_ids": [],
                "protocol": "tcp",
                "security_groups": [],
                "self": false,
                "to_port": 443
              },
              {
                "cidr_blocks": [
                  "0.0.0.0/0"
                ],
                "description": "Allow SSH",
                "from_port": 22,
                "ipv6_cidr_blocks": [],
                "prefix_list_ids": [],
                "protocol": "tcp",
                "security_groups": [],
                "self": false,
                "to_port": 22
              }
            ],
            "name": "sec-group-test",
            "name_prefix": "",
            "owner_id": "211125457713",
            "revoke_rules_on_delete": false,
            "tags": {},
            "tags_all": {},
            "timeouts": null,
            "vpc_id": "vpc-07db0b73c7a9c8edc"
          },
          "sensitive_attributes": [],
          "private": "eyJlMmJmYjczMC1lY2FhLTExZTYtOGY4OC0zNDM2M2JjN2M0YzAiOnsiY3JlYXRlIjo2MDAwMDAwMDAwMDAsImRlbGV0ZSI6OTAwMDAwMDAwMDAwfSwic2NoZW1hX3ZlcnNpb24iOiIxIn0="
        }
      ]
    }
  ],
  "check_results": null
}
